
Microsoft Visual Studio Solution File, Format Version 11.00
# Visual Studio 2010
Project("{FAE04EC0-301F-11D3-BF4B-00C04F79EFBC}") = "FluentACS", "FluentACS\FluentACS.csproj", "{7257F961-4BFD-4D2C-9521-A4C711C90476}"
EndProject
Project("{FAE04EC0-301F-11D3-BF4B-00C04F79EFBC}") = "FluentACSTest", "FluentACSTest\FluentACSTest.csproj", "{DD8ABED6-4989-408B-8B89-40E60FA55730}"
EndProject
Global
	GlobalSection(SolutionConfigurationPlatforms) = preSolution
		Debug|Any CPU = Debug|Any CPU
		Release|Any CPU = Release|Any CPU
	EndGlobalSection
	GlobalSection(ProjectConfigurationPlatforms) = postSolution
		{7257F961-4BFD-4D2C-9521-A4C711C90476}.Debug|Any CPU.ActiveCfg = Debug|Any CPU
		{7257F961-4BFD-4D2C-9521-A4C711C90476}.Debug|Any CPU.Build.0 = Debug|Any CPU
		{7257F961-4BFD-4D2C-9521-A4C711C90476}.Release|Any CPU.ActiveCfg = Release|Any CPU
		{7257F961-4BFD-4D2C-9521-A4C711C90476}.Release|Any CPU.Build.0 = Release|Any CPU
		{DD8ABED6-4989-408B-8B89-40E60FA55730}.Debug|Any CPU.ActiveCfg = Debug|Any CPU
		{DD8ABED6-4989-408B-8B89-40E60FA55730}.Debug|Any CPU.Build.0 = Debug|Any CPU
		{DD8ABED6-4989-408B-8B89-40E60FA55730}.Release|Any CPU.ActiveCfg = Release|Any CPU
		{DD8ABED6-4989-408B-8B89-40E60FA55730}.Release|Any CPU.Build.0 = Release|Any CPU
	EndGlobalSection
	GlobalSection(SolutionProperties) = preSolution
		HideSolutionNode = FALSE
	EndGlobalSection
EndGlobal
